
Microsoft Visual Studio Solution File, Format Version 12.00
# Visual Studio Version 17
VisualStudioVersion = 17.2.32630.192
MinimumVisualStudioVersion = 10.0.40219.1
Project("{9A19103F-16F7-4668-BE54-9A1E7A4F7556}") = "Bubber.Contracts", "Bubber.Contracts\Bubber.Contracts.csproj", "{7DEF255A-464D-4AC0-BD0D-8F3C100B10B8}"
EndProject
Project("{9A19103F-16F7-4668-BE54-9A1E7A4F7556}") = "Bubber", "Bubber\Bubber.csproj", "{B1C37538-0D40-4AC3-8417-EDEDBC3A7A7A}"
EndProject
Project("{2150E333-8FDC-42A3-9474-1A3956D46DE8}") = "Docs", "Docs", "{82918664-F796-4789-B98E-6F4856760752}"
EndProject
Global
	GlobalSection(SolutionConfigurationPlatforms) = preSolution
		Debug|Any CPU = Debug|Any CPU
		Release|Any CPU = Release|Any CPU
	EndGlobalSection
	GlobalSection(ProjectConfigurationPlatforms) = postSolution
		{7DEF255A-464D-4AC0-BD0D-8F3C100B10B8}.Debug|Any CPU.ActiveCfg = Debug|Any CPU
		{7DEF255A-464D-4AC0-BD0D-8F3C100B10B8}.Debug|Any CPU.Build.0 = Debug|Any CPU
		{7DEF255A-464D-4AC0-BD0D-8F3C100B10B8}.Release|Any CPU.ActiveCfg = Release|Any CPU
		{7DEF255A-464D-4AC0-BD0D-8F3C100B10B8}.Release|Any CPU.Build.0 = Release|Any CPU
		{B1C37538-0D40-4AC3-8417-EDEDBC3A7A7A}.Debug|Any CPU.ActiveCfg = Debug|Any CPU
		{B1C37538-0D40-4AC3-8417-EDEDBC3A7A7A}.Debug|Any CPU.Build.0 = Debug|Any CPU
		{B1C37538-0D40-4AC3-8417-EDEDBC3A7A7A}.Release|Any CPU.ActiveCfg = Release|Any CPU
		{B1C37538-0D40-4AC3-8417-EDEDBC3A7A7A}.Release|Any CPU.Build.0 = Release|Any CPU
	EndGlobalSection
	GlobalSection(SolutionProperties) = preSolution
		HideSolutionNode = FALSE
	EndGlobalSection
	GlobalSection(ExtensibilityGlobals) = postSolution
		SolutionGuid = {E4E22AC6-B7A0-467B-8C12-9E0A3491D11E}
	EndGlobalSection
EndGlobal
